
Microsoft Visual Studio Solution File, Format Version 12.00
# Visual Studio Version 16
VisualStudioVersion = 16.0.29306.81
MinimumVisualStudioVersion = 10.0.40219.1
Project("{FAE04EC0-301F-11D3-BF4B-00C04F79EFBC}") = "HW04", "HW04\HW04.csproj", "{81AB69FA-5A7F-4916-9B63-A1A18533A871}"
EndProject
Project("{2150E333-8FDC-42A3-9474-1A3956D46DE8}") = "B", "B", "{C0D98747-465F-4419-A15F-0625958DDFA0}"
EndProject
Project("{FAE04EC0-301F-11D3-BF4B-00C04F79EFBC}") = "B1-1", "B1\B1-1.csproj", "{61D7E801-B06B-4A76-8F26-B3F6F68B2109}"
EndProject
Project("{FAE04EC0-301F-11D3-BF4B-00C04F79EFBC}") = "B1-2", "B1-2\B1-2.csproj", "{25EF25D4-073A-4BA3-863A-0B9D52D0E168}"
EndProject
Project("{FAE04EC0-301F-11D3-BF4B-00C04F79EFBC}") = "B2-3", "B2-3\B2-3.csproj", "{7052504E-A0F8-420D-B2CF-FF82B93CE48B}"
EndProject
Project("{FAE04EC0-301F-11D3-BF4B-00C04F79EFBC}") = "B2-4", "B2-4\B2-4.csproj", "{53BD920D-62F1-480A-A079-8C06878475FB}"
EndProject
Project("{FAE04EC0-301F-11D3-BF4B-00C04F79EFBC}") = "B2-5", "B2-5\B2-5.csproj", "{FD947FA5-4E65-454F-AAA1-0FF43631D50A}"
EndProject
Project("{2150E333-8FDC-42A3-9474-1A3956D46DE8}") = "C", "C", "{BD797644-EB37-43F3-A796-57824445DCEE}"
EndProject
Project("{FAE04EC0-301F-11D3-BF4B-00C04F79EFBC}") = "C6", "C6\C6.csproj", "{5F9C449C-E274-4604-958C-A7F92FBFF174}"
EndProject
Project("{FAE04EC0-301F-11D3-BF4B-00C04F79EFBC}") = "C7", "C7\C7.csproj", "{EB694203-5DFA-469A-AFEF-028F3A587B30}"
EndProject
Project("{FAE04EC0-301F-11D3-BF4B-00C04F79EFBC}") = "C8", "C8\C8.csproj", "{CEAAF16D-A657-497E-8C97-4D3340DEA883}"
EndProject
Project("{FAE04EC0-301F-11D3-BF4B-00C04F79EFBC}") = "C9", "C9\C9.csproj", "{E7825489-7D42-448F-B873-7B9AB6AFBC2A}"
EndProject
Global
	GlobalSection(SolutionConfigurationPlatforms) = preSolution
		Debug|Any CPU = Debug|Any CPU
		Release|Any CPU = Release|Any CPU
	EndGlobalSection
	GlobalSection(ProjectConfigurationPlatforms) = postSolution
		{81AB69FA-5A7F-4916-9B63-A1A18533A871}.Debug|Any CPU.ActiveCfg = Debug|Any CPU
		{81AB69FA-5A7F-4916-9B63-A1A18533A871}.Debug|Any CPU.Build.0 = Debug|Any CPU
		{81AB69FA-5A7F-4916-9B63-A1A18533A871}.Release|Any CPU.ActiveCfg = Release|Any CPU
		{81AB69FA-5A7F-4916-9B63-A1A18533A871}.Release|Any CPU.Build.0 = Release|Any CPU
		{61D7E801-B06B-4A76-8F26-B3F6F68B2109}.Debug|Any CPU.ActiveCfg = Debug|Any CPU
		{61D7E801-B06B-4A76-8F26-B3F6F68B2109}.Debug|Any CPU.Build.0 = Debug|Any CPU
		{61D7E801-B06B-4A76-8F26-B3F6F68B2109}.Release|Any CPU.ActiveCfg = Release|Any CPU
		{61D7E801-B06B-4A76-8F26-B3F6F68B2109}.Release|Any CPU.Build.0 = Release|Any CPU
		{25EF25D4-073A-4BA3-863A-0B9D52D0E168}.Debug|Any CPU.ActiveCfg = Debug|Any CPU
		{25EF25D4-073A-4BA3-863A-0B9D52D0E168}.Debug|Any CPU.Build.0 = Debug|Any CPU
		{25EF25D4-073A-4BA3-863A-0B9D52D0E168}.Release|Any CPU.ActiveCfg = Release|Any CPU
		{25EF25D4-073A-4BA3-863A-0B9D52D0E168}.Release|Any CPU.Build.0 = Release|Any CPU
		{7052504E-A0F8-420D-B2CF-FF82B93CE48B}.Debug|Any CPU.ActiveCfg = Debug|Any CPU
		{7052504E-A0F8-420D-B2CF-FF82B93CE48B}.Debug|Any CPU.Build.0 = Debug|Any CPU
		{7052504E-A0F8-420D-B2CF-FF82B93CE48B}.Release|Any CPU.ActiveCfg = Release|Any CPU
		{7052504E-A0F8-420D-B2CF-FF82B93CE48B}.Release|Any CPU.Build.0 = Release|Any CPU
		{53BD920D-62F1-480A-A079-8C06878475FB}.Debug|Any CPU.ActiveCfg = Debug|Any CPU
		{53BD920D-62F1-480A-A079-8C06878475FB}.Debug|Any CPU.Build.0 = Debug|Any CPU
		{53BD920D-62F1-480A-A079-8C06878475FB}.Release|Any CPU.ActiveCfg = Release|Any CPU
		{53BD920D-62F1-480A-A079-8C06878475FB}.Release|Any CPU.Build.0 = Release|Any CPU
		{FD947FA5-4E65-454F-AAA1-0FF43631D50A}.Debug|Any CPU.ActiveCfg = Debug|Any CPU
		{FD947FA5-4E65-454F-AAA1-0FF43631D50A}.Debug|Any CPU.Build.0 = Debug|Any CPU
		{FD947FA5-4E65-454F-AAA1-0FF43631D50A}.Release|Any CPU.ActiveCfg = Release|Any CPU
		{FD947FA5-4E65-454F-AAA1-0FF43631D50A}.Release|Any CPU.Build.0 = Release|Any CPU
		{5F9C449C-E274-4604-958C-A7F92FBFF174}.Debug|Any CPU.ActiveCfg = Debug|Any CPU
		{5F9C449C-E274-4604-958C-A7F92FBFF174}.Debug|Any CPU.Build.0 = Debug|Any CPU
		{5F9C449C-E274-4604-958C-A7F92FBFF174}.Release|Any CPU.ActiveCfg = Release|Any CPU
		{5F9C449C-E274-4604-958C-A7F92FBFF174}.Release|Any CPU.Build.0 = Release|Any CPU
		{EB694203-5DFA-469A-AFEF-028F3A587B30}.Debug|Any CPU.ActiveCfg = Debug|Any CPU
		{EB694203-5DFA-469A-AFEF-028F3A587B30}.Debug|Any CPU.Build.0 = Debug|Any CPU
		{EB694203-5DFA-469A-AFEF-028F3A587B30}.Release|Any CPU.ActiveCfg = Release|Any CPU
		{EB694203-5DFA-469A-AFEF-028F3A587B30}.Release|Any CPU.Build.0 = Release|Any CPU
		{CEAAF16D-A657-497E-8C97-4D3340DEA883}.Debug|Any CPU.ActiveCfg = Debug|Any CPU
		{CEAAF16D-A657-497E-8C97-4D3340DEA883}.Debug|Any CPU.Build.0 = Debug|Any CPU
		{CEAAF16D-A657-497E-8C97-4D3340DEA883}.Release|Any CPU.ActiveCfg = Release|Any CPU
		{CEAAF16D-A657-497E-8C97-4D3340DEA883}.Release|Any CPU.Build.0 = Release|Any CPU
		{E7825489-7D42-448F-B873-7B9AB6AFBC2A}.Debug|Any CPU.ActiveCfg = Debug|Any CPU
		{E7825489-7D42-448F-B873-7B9AB6AFBC2A}.Debug|Any CPU.Build.0 = Debug|Any CPU
		{E7825489-7D42-448F-B873-7B9AB6AFBC2A}.Release|Any CPU.ActiveCfg = Release|Any CPU
		{E7825489-7D42-448F-B873-7B9AB6AFBC2A}.Release|Any CPU.Build.0 = Release|Any CPU
	EndGlobalSection
	GlobalSection(SolutionProperties) = preSolution
		HideSolutionNode = FALSE
	EndGlobalSection
	GlobalSection(NestedProjects) = preSolution
		{61D7E801-B06B-4A76-8F26-B3F6F68B2109} = {C0D98747-465F-4419-A15F-0625958DDFA0}
		{25EF25D4-073A-4BA3-863A-0B9D52D0E168} = {C0D98747-465F-4419-A15F-0625958DDFA0}
		{7052504E-A0F8-420D-B2CF-FF82B93CE48B} = {C0D98747-465F-4419-A15F-0625958DDFA0}
		{53BD920D-62F1-480A-A079-8C06878475FB} = {C0D98747-465F-4419-A15F-0625958DDFA0}
		{FD947FA5-4E65-454F-AAA1-0FF43631D50A} = {C0D98747-465F-4419-A15F-0625958DDFA0}
		{5F9C449C-E274-4604-958C-A7F92FBFF174} = {BD797644-EB37-43F3-A796-57824445DCEE}
		{EB694203-5DFA-469A-AFEF-028F3A587B30} = {BD797644-EB37-43F3-A796-57824445DCEE}
		{CEAAF16D-A657-497E-8C97-4D3340DEA883} = {BD797644-EB37-43F3-A796-57824445DCEE}
		{E7825489-7D42-448F-B873-7B9AB6AFBC2A} = {BD797644-EB37-43F3-A796-57824445DCEE}
	EndGlobalSection
	GlobalSection(ExtensibilityGlobals) = postSolution
		SolutionGuid = {9AFC453E-120C-4175-8B6A-76E7880BD656}
	EndGlobalSection
EndGlobal
