
Microsoft Visual Studio Solution File, Format Version 12.00
# Visual Studio Version 16
VisualStudioVersion = 16.0.29215.179
MinimumVisualStudioVersion = 10.0.40219.1
Project("{FAE04EC0-301F-11D3-BF4B-00C04F79EFBC}") = "HW02", "HW02\HW02.csproj", "{B2EC945F-1422-4BF5-9747-EFD3E75A042A}"
EndProject
Project("{2150E333-8FDC-42A3-9474-1A3956D46DE8}") = "B", "B", "{5FCA30BB-F396-41F4-85F9-A4BDD3F53498}"
EndProject
Project("{2150E333-8FDC-42A3-9474-1A3956D46DE8}") = "C", "C", "{3B326CD3-8008-4B4D-9A70-384834AC745A}"
EndProject
Project("{2150E333-8FDC-42A3-9474-1A3956D46DE8}") = "D", "D", "{A7BCA75C-30ED-4EEA-8D7E-D7E3F30D7E46}"
EndProject
Project("{FAE04EC0-301F-11D3-BF4B-00C04F79EFBC}") = "B1", "B1\B1.csproj", "{E0D29020-C943-458F-B7E3-E29244BF1D61}"
EndProject
Project("{FAE04EC0-301F-11D3-BF4B-00C04F79EFBC}") = "B2", "B2\B2.csproj", "{1109AF1D-E607-40DC-9E5D-B911241E520C}"
EndProject
Project("{FAE04EC0-301F-11D3-BF4B-00C04F79EFBC}") = "B3", "B3\B3.csproj", "{B1E7BFDC-A9B4-423C-AE31-32286AA080AD}"
EndProject
Project("{FAE04EC0-301F-11D3-BF4B-00C04F79EFBC}") = "C1", "C1\C1.csproj", "{809D009F-DE4C-4CAA-B93A-69CAA521A199}"
EndProject
Project("{FAE04EC0-301F-11D3-BF4B-00C04F79EFBC}") = "C2", "C2\C2.csproj", "{44EB50C3-3B9B-48CC-B821-620D63DDC68F}"
EndProject
Project("{FAE04EC0-301F-11D3-BF4B-00C04F79EFBC}") = "C3", "C3\C3.csproj", "{9A37E405-E90D-4F24-90AA-5E45B6D2D4AE}"
EndProject
Project("{FAE04EC0-301F-11D3-BF4B-00C04F79EFBC}") = "C4", "C4\C4.csproj", "{4B45F98A-C394-483E-9A37-649CA2A6F63D}"
EndProject
Project("{FAE04EC0-301F-11D3-BF4B-00C04F79EFBC}") = "D1", "D1\D1.csproj", "{91FDE54E-AD10-4B0F-9903-F2E5004158CC}"
EndProject
Global
	GlobalSection(SolutionConfigurationPlatforms) = preSolution
		Debug|Any CPU = Debug|Any CPU
		Release|Any CPU = Release|Any CPU
	EndGlobalSection
	GlobalSection(ProjectConfigurationPlatforms) = postSolution
		{B2EC945F-1422-4BF5-9747-EFD3E75A042A}.Debug|Any CPU.ActiveCfg = Debug|Any CPU
		{B2EC945F-1422-4BF5-9747-EFD3E75A042A}.Debug|Any CPU.Build.0 = Debug|Any CPU
		{B2EC945F-1422-4BF5-9747-EFD3E75A042A}.Release|Any CPU.ActiveCfg = Release|Any CPU
		{B2EC945F-1422-4BF5-9747-EFD3E75A042A}.Release|Any CPU.Build.0 = Release|Any CPU
		{E0D29020-C943-458F-B7E3-E29244BF1D61}.Debug|Any CPU.ActiveCfg = Debug|Any CPU
		{E0D29020-C943-458F-B7E3-E29244BF1D61}.Debug|Any CPU.Build.0 = Debug|Any CPU
		{E0D29020-C943-458F-B7E3-E29244BF1D61}.Release|Any CPU.ActiveCfg = Release|Any CPU
		{E0D29020-C943-458F-B7E3-E29244BF1D61}.Release|Any CPU.Build.0 = Release|Any CPU
		{1109AF1D-E607-40DC-9E5D-B911241E520C}.Debug|Any CPU.ActiveCfg = Debug|Any CPU
		{1109AF1D-E607-40DC-9E5D-B911241E520C}.Debug|Any CPU.Build.0 = Debug|Any CPU
		{1109AF1D-E607-40DC-9E5D-B911241E520C}.Release|Any CPU.ActiveCfg = Release|Any CPU
		{1109AF1D-E607-40DC-9E5D-B911241E520C}.Release|Any CPU.Build.0 = Release|Any CPU
		{B1E7BFDC-A9B4-423C-AE31-32286AA080AD}.Debug|Any CPU.ActiveCfg = Debug|Any CPU
		{B1E7BFDC-A9B4-423C-AE31-32286AA080AD}.Debug|Any CPU.Build.0 = Debug|Any CPU
		{B1E7BFDC-A9B4-423C-AE31-32286AA080AD}.Release|Any CPU.ActiveCfg = Release|Any CPU
		{B1E7BFDC-A9B4-423C-AE31-32286AA080AD}.Release|Any CPU.Build.0 = Release|Any CPU
		{809D009F-DE4C-4CAA-B93A-69CAA521A199}.Debug|Any CPU.ActiveCfg = Debug|Any CPU
		{809D009F-DE4C-4CAA-B93A-69CAA521A199}.Debug|Any CPU.Build.0 = Debug|Any CPU
		{809D009F-DE4C-4CAA-B93A-69CAA521A199}.Release|Any CPU.ActiveCfg = Release|Any CPU
		{809D009F-DE4C-4CAA-B93A-69CAA521A199}.Release|Any CPU.Build.0 = Release|Any CPU
		{44EB50C3-3B9B-48CC-B821-620D63DDC68F}.Debug|Any CPU.ActiveCfg = Debug|Any CPU
		{44EB50C3-3B9B-48CC-B821-620D63DDC68F}.Debug|Any CPU.Build.0 = Debug|Any CPU
		{44EB50C3-3B9B-48CC-B821-620D63DDC68F}.Release|Any CPU.ActiveCfg = Release|Any CPU
		{44EB50C3-3B9B-48CC-B821-620D63DDC68F}.Release|Any CPU.Build.0 = Release|Any CPU
		{9A37E405-E90D-4F24-90AA-5E45B6D2D4AE}.Debug|Any CPU.ActiveCfg = Debug|Any CPU
		{9A37E405-E90D-4F24-90AA-5E45B6D2D4AE}.Debug|Any CPU.Build.0 = Debug|Any CPU
		{9A37E405-E90D-4F24-90AA-5E45B6D2D4AE}.Release|Any CPU.ActiveCfg = Release|Any CPU
		{9A37E405-E90D-4F24-90AA-5E45B6D2D4AE}.Release|Any CPU.Build.0 = Release|Any CPU
		{4B45F98A-C394-483E-9A37-649CA2A6F63D}.Debug|Any CPU.ActiveCfg = Debug|Any CPU
		{4B45F98A-C394-483E-9A37-649CA2A6F63D}.Debug|Any CPU.Build.0 = Debug|Any CPU
		{4B45F98A-C394-483E-9A37-649CA2A6F63D}.Release|Any CPU.ActiveCfg = Release|Any CPU
		{4B45F98A-C394-483E-9A37-649CA2A6F63D}.Release|Any CPU.Build.0 = Release|Any CPU
		{91FDE54E-AD10-4B0F-9903-F2E5004158CC}.Debug|Any CPU.ActiveCfg = Debug|Any CPU
		{91FDE54E-AD10-4B0F-9903-F2E5004158CC}.Debug|Any CPU.Build.0 = Debug|Any CPU
		{91FDE54E-AD10-4B0F-9903-F2E5004158CC}.Release|Any CPU.ActiveCfg = Release|Any CPU
		{91FDE54E-AD10-4B0F-9903-F2E5004158CC}.Release|Any CPU.Build.0 = Release|Any CPU
	EndGlobalSection
	GlobalSection(SolutionProperties) = preSolution
		HideSolutionNode = FALSE
	EndGlobalSection
	GlobalSection(NestedProjects) = preSolution
		{E0D29020-C943-458F-B7E3-E29244BF1D61} = {5FCA30BB-F396-41F4-85F9-A4BDD3F53498}
		{1109AF1D-E607-40DC-9E5D-B911241E520C} = {5FCA30BB-F396-41F4-85F9-A4BDD3F53498}
		{B1E7BFDC-A9B4-423C-AE31-32286AA080AD} = {5FCA30BB-F396-41F4-85F9-A4BDD3F53498}
		{809D009F-DE4C-4CAA-B93A-69CAA521A199} = {3B326CD3-8008-4B4D-9A70-384834AC745A}
		{44EB50C3-3B9B-48CC-B821-620D63DDC68F} = {3B326CD3-8008-4B4D-9A70-384834AC745A}
		{9A37E405-E90D-4F24-90AA-5E45B6D2D4AE} = {3B326CD3-8008-4B4D-9A70-384834AC745A}
		{4B45F98A-C394-483E-9A37-649CA2A6F63D} = {3B326CD3-8008-4B4D-9A70-384834AC745A}
		{91FDE54E-AD10-4B0F-9903-F2E5004158CC} = {A7BCA75C-30ED-4EEA-8D7E-D7E3F30D7E46}
	EndGlobalSection
	GlobalSection(ExtensibilityGlobals) = postSolution
		SolutionGuid = {CA503977-7D0A-4C41-9A2F-E42236D2674B}
	EndGlobalSection
EndGlobal
