
Microsoft Visual Studio Solution File, Format Version 12.00
# Visual Studio Version 16
VisualStudioVersion = 16.0.29215.179
MinimumVisualStudioVersion = 10.0.40219.1
Project("{FAE04EC0-301F-11D3-BF4B-00C04F79EFBC}") = "HW02", "HW02\HW02.csproj", "{B2EC945F-1422-4BF5-9747-EFD3E75A042A}"
EndProject
Global
	GlobalSection(SolutionConfigurationPlatforms) = preSolution
		Debug|Any CPU = Debug|Any CPU
		Release|Any CPU = Release|Any CPU
	EndGlobalSection
	GlobalSection(ProjectConfigurationPlatforms) = postSolution
		{B2EC945F-1422-4BF5-9747-EFD3E75A042A}.Debug|Any CPU.ActiveCfg = Debug|Any CPU
		{B2EC945F-1422-4BF5-9747-EFD3E75A042A}.Debug|Any CPU.Build.0 = Debug|Any CPU
		{B2EC945F-1422-4BF5-9747-EFD3E75A042A}.Release|Any CPU.ActiveCfg = Release|Any CPU
		{B2EC945F-1422-4BF5-9747-EFD3E75A042A}.Release|Any CPU.Build.0 = Release|Any CPU
	EndGlobalSection
	GlobalSection(SolutionProperties) = preSolution
		HideSolutionNode = FALSE
	EndGlobalSection
	GlobalSection(ExtensibilityGlobals) = postSolution
		SolutionGuid = {CA503977-7D0A-4C41-9A2F-E42236D2674B}
	EndGlobalSection
EndGlobal
