
Microsoft Visual Studio Solution File, Format Version 12.00
# Visual Studio Version 16
VisualStudioVersion = 16.0.29215.179
MinimumVisualStudioVersion = 10.0.40219.1
Project("{FAE04EC0-301F-11D3-BF4B-00C04F79EFBC}") = "HW02", "HW02\HW02.csproj", "{B2EC945F-1422-4BF5-9747-EFD3E75A042A}"
EndProject
Project("{2150E333-8FDC-42A3-9474-1A3956D46DE8}") = "B", "B", "{5FCA30BB-F396-41F4-85F9-A4BDD3F53498}"
EndProject
Project("{2150E333-8FDC-42A3-9474-1A3956D46DE8}") = "C", "C", "{3B326CD3-8008-4B4D-9A70-384834AC745A}"
EndProject
Project("{2150E333-8FDC-42A3-9474-1A3956D46DE8}") = "D", "D", "{A7BCA75C-30ED-4EEA-8D7E-D7E3F30D7E46}"
EndProject
Project("{FAE04EC0-301F-11D3-BF4B-00C04F79EFBC}") = "B1", "B1\B1.csproj", "{E0D29020-C943-458F-B7E3-E29244BF1D61}"
EndProject
Global
	GlobalSection(SolutionConfigurationPlatforms) = preSolution
		Debug|Any CPU = Debug|Any CPU
		Release|Any CPU = Release|Any CPU
	EndGlobalSection
	GlobalSection(ProjectConfigurationPlatforms) = postSolution
		{B2EC945F-1422-4BF5-9747-EFD3E75A042A}.Debug|Any CPU.ActiveCfg = Debug|Any CPU
		{B2EC945F-1422-4BF5-9747-EFD3E75A042A}.Debug|Any CPU.Build.0 = Debug|Any CPU
		{B2EC945F-1422-4BF5-9747-EFD3E75A042A}.Release|Any CPU.ActiveCfg = Release|Any CPU
		{B2EC945F-1422-4BF5-9747-EFD3E75A042A}.Release|Any CPU.Build.0 = Release|Any CPU
		{E0D29020-C943-458F-B7E3-E29244BF1D61}.Debug|Any CPU.ActiveCfg = Debug|Any CPU
		{E0D29020-C943-458F-B7E3-E29244BF1D61}.Debug|Any CPU.Build.0 = Debug|Any CPU
		{E0D29020-C943-458F-B7E3-E29244BF1D61}.Release|Any CPU.ActiveCfg = Release|Any CPU
		{E0D29020-C943-458F-B7E3-E29244BF1D61}.Release|Any CPU.Build.0 = Release|Any CPU
	EndGlobalSection
	GlobalSection(SolutionProperties) = preSolution
		HideSolutionNode = FALSE
	EndGlobalSection
	GlobalSection(NestedProjects) = preSolution
		{E0D29020-C943-458F-B7E3-E29244BF1D61} = {5FCA30BB-F396-41F4-85F9-A4BDD3F53498}
	EndGlobalSection
	GlobalSection(ExtensibilityGlobals) = postSolution
		SolutionGuid = {CA503977-7D0A-4C41-9A2F-E42236D2674B}
	EndGlobalSection
EndGlobal
