
Microsoft Visual Studio Solution File, Format Version 12.00
# Visual Studio Version 16
VisualStudioVersion = 16.0.29215.179
MinimumVisualStudioVersion = 10.0.40219.1
Project("{FAE04EC0-301F-11D3-BF4B-00C04F79EFBC}") = "ISAM5430_Homeworks", "ISAM5430_Homeworks\ISAM5430_Homeworks.csproj", "{2D33AEBB-A7A0-4423-AE99-14CAA2C6D389}"
EndProject
Project("{2150E333-8FDC-42A3-9474-1A3956D46DE8}") = "B", "B", "{F802C981-A0DF-4222-A1A5-2E069425CF9B}"
EndProject
Project("{FAE04EC0-301F-11D3-BF4B-00C04F79EFBC}") = "B1", "B1\B1.csproj", "{4D25FC1E-B6C6-4B2C-A94D-AF4EE33050B7}"
EndProject
Project("{FAE04EC0-301F-11D3-BF4B-00C04F79EFBC}") = "B2", "B2\B2.csproj", "{680D075E-1716-4F65-9A7E-CE2434E8BF5B}"
EndProject
Global
	GlobalSection(SolutionConfigurationPlatforms) = preSolution
		Debug|Any CPU = Debug|Any CPU
		Release|Any CPU = Release|Any CPU
	EndGlobalSection
	GlobalSection(ProjectConfigurationPlatforms) = postSolution
		{2D33AEBB-A7A0-4423-AE99-14CAA2C6D389}.Debug|Any CPU.ActiveCfg = Debug|Any CPU
		{2D33AEBB-A7A0-4423-AE99-14CAA2C6D389}.Debug|Any CPU.Build.0 = Debug|Any CPU
		{2D33AEBB-A7A0-4423-AE99-14CAA2C6D389}.Release|Any CPU.ActiveCfg = Release|Any CPU
		{2D33AEBB-A7A0-4423-AE99-14CAA2C6D389}.Release|Any CPU.Build.0 = Release|Any CPU
		{4D25FC1E-B6C6-4B2C-A94D-AF4EE33050B7}.Debug|Any CPU.ActiveCfg = Debug|Any CPU
		{4D25FC1E-B6C6-4B2C-A94D-AF4EE33050B7}.Debug|Any CPU.Build.0 = Debug|Any CPU
		{4D25FC1E-B6C6-4B2C-A94D-AF4EE33050B7}.Release|Any CPU.ActiveCfg = Release|Any CPU
		{4D25FC1E-B6C6-4B2C-A94D-AF4EE33050B7}.Release|Any CPU.Build.0 = Release|Any CPU
		{680D075E-1716-4F65-9A7E-CE2434E8BF5B}.Debug|Any CPU.ActiveCfg = Debug|Any CPU
		{680D075E-1716-4F65-9A7E-CE2434E8BF5B}.Debug|Any CPU.Build.0 = Debug|Any CPU
		{680D075E-1716-4F65-9A7E-CE2434E8BF5B}.Release|Any CPU.ActiveCfg = Release|Any CPU
		{680D075E-1716-4F65-9A7E-CE2434E8BF5B}.Release|Any CPU.Build.0 = Release|Any CPU
	EndGlobalSection
	GlobalSection(SolutionProperties) = preSolution
		HideSolutionNode = FALSE
	EndGlobalSection
	GlobalSection(NestedProjects) = preSolution
		{4D25FC1E-B6C6-4B2C-A94D-AF4EE33050B7} = {F802C981-A0DF-4222-A1A5-2E069425CF9B}
		{680D075E-1716-4F65-9A7E-CE2434E8BF5B} = {F802C981-A0DF-4222-A1A5-2E069425CF9B}
	EndGlobalSection
	GlobalSection(ExtensibilityGlobals) = postSolution
		SolutionGuid = {0A62115F-32EC-4415-A8E8-3869F36E0867}
	EndGlobalSection
EndGlobal
